{
  "name": "ollama-hash",
  "version": "1.0.0",
  "lockfileVersion": 2,
  "requires": true,
  "packages": {
    "": {
      "name": "ollama-hash",
      "version": "1.0.0",
      "license": "ISC",
      "dependencies": {
        "@plotdb/args": "^0.0.3"
      }
    },
    "node_modules/@plotdb/args": {
      "version": "0.0.3",
      "resolved": "https://registry.npmjs.org/@plotdb/args/-/args-0.0.3.tgz",
      "integrity": "sha512-7uraoOElLqaddwnWN7sCz1FAgQ8DNC8BWKuccTCpVaTx06abPO7QKion7egXWwoLtLMDzWgG83s+cEd6byA+bA=="
    }
  },
  "dependencies": {
    "@plotdb/args": {
      "version": "0.0.3",
      "resolved": "https://registry.npmjs.org/@plotdb/args/-/args-0.0.3.tgz",
      "integrity": "sha512-7uraoOElLqaddwnWN7sCz1FAgQ8DNC8BWKuccTCpVaTx06abPO7QKion7egXWwoLtLMDzWgG83s+cEd6byA+bA=="
    }
  }
}
